
Microsoft Visual Studio Solution File, Format Version 12.00
# Visual Studio Version 16
VisualStudioVersion = 16.0.31829.152
MinimumVisualStudioVersion = 10.0.40219.1
Project("{FAE04EC0-301F-11D3-BF4B-00C04F79EFBC}") = "FactoryPatternDesign", "FactoryPatternDesign.csproj", "{505B72FB-DADD-4B9D-A3F2-3937C3820167}"
EndProject
Global
	GlobalSection(SolutionConfigurationPlatforms) = preSolution
		Debug|Any CPU = Debug|Any CPU
		Release|Any CPU = Release|Any CPU
	EndGlobalSection
	GlobalSection(ProjectConfigurationPlatforms) = postSolution
		{505B72FB-DADD-4B9D-A3F2-3937C3820167}.Debug|Any CPU.ActiveCfg = Debug|Any CPU
		{505B72FB-DADD-4B9D-A3F2-3937C3820167}.Debug|Any CPU.Build.0 = Debug|Any CPU
		{505B72FB-DADD-4B9D-A3F2-3937C3820167}.Release|Any CPU.ActiveCfg = Release|Any CPU
		{505B72FB-DADD-4B9D-A3F2-3937C3820167}.Release|Any CPU.Build.0 = Release|Any CPU
	EndGlobalSection
	GlobalSection(SolutionProperties) = preSolution
		HideSolutionNode = FALSE
	EndGlobalSection
	GlobalSection(ExtensibilityGlobals) = postSolution
		SolutionGuid = {91C57663-662C-4789-BF2A-555EF0313946}
	EndGlobalSection
EndGlobal
